# THIS IS AN AUTOGENERATED FILE. DO NOT EDIT THIS FILE DIRECTLY.
# yarn lockfile v1


foundation-sites@^6.5.0-rc.2:
  version "6.5.0-rc.2"
  resolved "https://registry.yarnpkg.com/foundation-sites/-/foundation-sites-6.5.0-rc.2.tgz#0890f52e9dffed93ea394402b5ac9c1837618c08"

jquery@^3.3.1:
  version "3.3.1"
  resolved "https://registry.yarnpkg.com/jquery/-/jquery-3.3.1.tgz#958ce29e81c9790f31be7792df5d4d95fc57fbca"

motion-ui@^2.0.3:
  version "2.0.3"
  resolved "https://registry.yarnpkg.com/motion-ui/-/motion-ui-2.0.3.tgz#3a87f8fea4512d654c0822a0b346f23dadf0d0b7"

what-input@^5.1.1:
  version "5.1.1"
  resolved "https://registry.yarnpkg.com/what-input/-/what-input-5.1.1.tgz#46bfd76b559ccc343bcd74c235a310b579f1ca05"
